
Microsoft Visual Studio Solution File, Format Version 12.00
# Visual Studio 15
VisualStudioVersion = 15.0.28307.271
MinimumVisualStudioVersion = 10.0.40219.1
Project("{FAE04EC0-301F-11D3-BF4B-00C04F79EFBC}") = "basics-1", "basics-1\basics-1.csproj", "{F758B451-BA91-49F5-B69A-9315F4EA0A7E}"
EndProject
Project("{FAE04EC0-301F-11D3-BF4B-00C04F79EFBC}") = "looping-array-stringbuilder-2", "..\looping-array-stringbuilder-2\looping-array-stringbuilder-2\looping-array-stringbuilder-2.csproj", "{F82C2100-890A-466B-9FB6-94EDEB801EE1}"
EndProject
Global
	GlobalSection(SolutionConfigurationPlatforms) = preSolution
		Debug|Any CPU = Debug|Any CPU
		Release|Any CPU = Release|Any CPU
	EndGlobalSection
	GlobalSection(ProjectConfigurationPlatforms) = postSolution
		{F758B451-BA91-49F5-B69A-9315F4EA0A7E}.Debug|Any CPU.ActiveCfg = Debug|Any CPU
		{F758B451-BA91-49F5-B69A-9315F4EA0A7E}.Debug|Any CPU.Build.0 = Debug|Any CPU
		{F758B451-BA91-49F5-B69A-9315F4EA0A7E}.Release|Any CPU.ActiveCfg = Release|Any CPU
		{F758B451-BA91-49F5-B69A-9315F4EA0A7E}.Release|Any CPU.Build.0 = Release|Any CPU
		{F82C2100-890A-466B-9FB6-94EDEB801EE1}.Debug|Any CPU.ActiveCfg = Debug|Any CPU
		{F82C2100-890A-466B-9FB6-94EDEB801EE1}.Debug|Any CPU.Build.0 = Debug|Any CPU
		{F82C2100-890A-466B-9FB6-94EDEB801EE1}.Release|Any CPU.ActiveCfg = Release|Any CPU
		{F82C2100-890A-466B-9FB6-94EDEB801EE1}.Release|Any CPU.Build.0 = Release|Any CPU
	EndGlobalSection
	GlobalSection(SolutionProperties) = preSolution
		HideSolutionNode = FALSE
	EndGlobalSection
	GlobalSection(ExtensibilityGlobals) = postSolution
		SolutionGuid = {2B877D0A-E4C7-4408-A98C-5977E68406C3}
	EndGlobalSection
EndGlobal
